// !$*UTF8*$!
{
	archiveVersion = 1;
	classes = {
	};
	objectVersion = 46;
	objects = {

/* Begin PBXBuildFile section */
		B1673D4C1E461E59004600AB /* AppDelegate.swift in Sources */ = {isa = PBXBuildFile; fileRef = B1673D4B1E461E59004600AB /* AppDelegate.swift */; };
		B1673D541E461E59004600AB /* PersonalStuff.xcdatamodeld in Sources */ = {isa = PBXBuildFile; fileRef = B1673D521E461E59004600AB /* PersonalStuff.xcdatamodeld */; };
		B1673D561E461E59004600AB /* Assets.xcassets in Resources */ = {isa = PBXBuildFile; fileRef = B1673D551E461E59004600AB /* Assets.xcassets */; };
		B1673D591E461E59004600AB /* LaunchScreen.storyboard in Resources */ = {isa = PBXBuildFile; fileRef = B1673D571E461E59004600AB /* LaunchScreen.storyboard */; };
		B1673D641E461E59004600AB /* PersonalStuffTests.swift in Sources */ = {isa = PBXBuildFile; fileRef = B1673D631E461E59004600AB /* PersonalStuffTests.swift */; };
		B1673D6F1E461E59004600AB /* PersonalStuffUITests.swift in Sources */ = {isa = PBXBuildFile; fileRef = B1673D6E1E461E59004600AB /* PersonalStuffUITests.swift */; };
		B1673D7D1E461E98004600AB /* CoreDataStack.swift in Sources */ = {isa = PBXBuildFile; fileRef = B1673D7C1E461E98004600AB /* CoreDataStack.swift */; };
		B1673D831E461F8A004600AB /* Register.storyboard in Resources */ = {isa = PBXBuildFile; fileRef = B1673D821E461F8A004600AB /* Register.storyboard */; };
		B1673D851E46229E004600AB /* Folder.storyboard in Resources */ = {isa = PBXBuildFile; fileRef = B1673D841E46229E004600AB /* Folder.storyboard */; };
		B1673D871E4623FC004600AB /* FolderVC.swift in Sources */ = {isa = PBXBuildFile; fileRef = B1673D861E4623FC004600AB /* FolderVC.swift */; };
		B1673D8B1E4624EB004600AB /* Folder+TableViewDelegate.swift in Sources */ = {isa = PBXBuildFile; fileRef = B1673D8A1E4624EB004600AB /* Folder+TableViewDelegate.swift */; };
		B1673D8D1E462711004600AB /* Folder+TableViewDataSource.swift in Sources */ = {isa = PBXBuildFile; fileRef = B1673D8C1E462711004600AB /* Folder+TableViewDataSource.swift */; };
		B1673D8F1E462B64004600AB /* NotesVC.swift in Sources */ = {isa = PBXBuildFile; fileRef = B1673D8E1E462B64004600AB /* NotesVC.swift */; };
		B1673D911E462BA4004600AB /* ImagesVC.swift in Sources */ = {isa = PBXBuildFile; fileRef = B1673D901E462BA4004600AB /* ImagesVC.swift */; };
		B1673D931E462BE0004600AB /* VideosVC.swift in Sources */ = {isa = PBXBuildFile; fileRef = B1673D921E462BE0004600AB /* VideosVC.swift */; };
		B1673D951E462C2B004600AB /* MessagesVC.swift in Sources */ = {isa = PBXBuildFile; fileRef = B1673D941E462C2B004600AB /* MessagesVC.swift */; };
		B1673D971E462C72004600AB /* Notes.storyboard in Resources */ = {isa = PBXBuildFile; fileRef = B1673D961E462C72004600AB /* Notes.storyboard */; };
		B1673D991E462C7E004600AB /* Images.storyboard in Resources */ = {isa = PBXBuildFile; fileRef = B1673D981E462C7E004600AB /* Images.storyboard */; };
		B1673D9B1E462C8E004600AB /* Videos.storyboard in Resources */ = {isa = PBXBuildFile; fileRef = B1673D9A1E462C8E004600AB /* Videos.storyboard */; };
		B1673D9D1E462C99004600AB /* Messages.storyboard in Resources */ = {isa = PBXBuildFile; fileRef = B1673D9C1E462C99004600AB /* Messages.storyboard */; };
		B1673D9F1E462E0F004600AB /* RegisterVC.swift in Sources */ = {isa = PBXBuildFile; fileRef = B1673D9E1E462E0F004600AB /* RegisterVC.swift */; };
		B1A5BF401E4766A3006D6F13 /* Note+NoteDelegate.swift in Sources */ = {isa = PBXBuildFile; fileRef = B1A5BF3F1E4766A3006D6F13 /* Note+NoteDelegate.swift */; };
		B1A5BF421E4766BA006D6F13 /* NotesVM.swift in Sources */ = {isa = PBXBuildFile; fileRef = B1A5BF411E4766BA006D6F13 /* NotesVM.swift */; };
		B1A5BF441E476B2D006D6F13 /* Notes.swift in Sources */ = {isa = PBXBuildFile; fileRef = B1A5BF431E476B2D006D6F13 /* Notes.swift */; };
		B1A5BF461E476BF3006D6F13 /* Notes+properties.swift in Sources */ = {isa = PBXBuildFile; fileRef = B1A5BF451E476BF3006D6F13 /* Notes+properties.swift */; };
		B1A5BF491E4772BE006D6F13 /* String+Uid.swift in Sources */ = {isa = PBXBuildFile; fileRef = B1A5BF481E4772BE006D6F13 /* String+Uid.swift */; };
/* End PBXBuildFile section */

/* Begin PBXContainerItemProxy section */
		B1673D601E461E59004600AB /* PBXContainerItemProxy */ = {
			isa = PBXContainerItemProxy;
			containerPortal = B1673D401E461E58004600AB /* Project object */;
			proxyType = 1;
			remoteGlobalIDString = B1673D471E461E58004600AB;
			remoteInfo = PersonalStuff;
		};
		B1673D6B1E461E59004600AB /* PBXContainerItemProxy */ = {
			isa = PBXContainerItemProxy;
			containerPortal = B1673D401E461E58004600AB /* Project object */;
			proxyType = 1;
			remoteGlobalIDString = B1673D471E461E58004600AB;
			remoteInfo = PersonalStuff;
		};
/* End PBXContainerItemProxy section */

/* Begin PBXFileReference section */
		B1673D481E461E58004600AB /* PersonalStuff.app */ = {isa = PBXFileReference; explicitFileType = wrapper.application; includeInIndex = 0; path = PersonalStuff.app; sourceTree = BUILT_PRODUCTS_DIR; };
		B1673D4B1E461E59004600AB /* AppDelegate.swift */ = {isa = PBXFileReference; lastKnownFileType = sourcecode.swift; path = AppDelegate.swift; sourceTree = "<group>"; };
		B1673D531E461E59004600AB /* PersonalStuff.xcdatamodel */ = {isa = PBXFileReference; lastKnownFileType = wrapper.xcdatamodel; path = PersonalStuff.xcdatamodel; sourceTree = "<group>"; };
		B1673D551E461E59004600AB /* Assets.xcassets */ = {isa = PBXFileReference; lastKnownFileType = folder.assetcatalog; path = Assets.xcassets; sourceTree = "<group>"; };
		B1673D581E461E59004600AB /* Base */ = {isa = PBXFileReference; lastKnownFileType = file.storyboard; name = Base; path = Base.lproj/LaunchScreen.storyboard; sourceTree = "<group>"; };
		B1673D5A1E461E59004600AB /* Info.plist */ = {isa = PBXFileReference; lastKnownFileType = text.plist.xml; path = Info.plist; sourceTree = "<group>"; };
		B1673D5F1E461E59004600AB /* PersonalStuffTests.xctest */ = {isa = PBXFileReference; explicitFileType = wrapper.cfbundle; includeInIndex = 0; path = PersonalStuffTests.xctest; sourceTree = BUILT_PRODUCTS_DIR; };
		B1673D631E461E59004600AB /* PersonalStuffTests.swift */ = {isa = PBXFileReference; lastKnownFileType = sourcecode.swift; path = PersonalStuffTests.swift; sourceTree = "<group>"; };
		B1673D651E461E59004600AB /* Info.plist */ = {isa = PBXFileReference; lastKnownFileType = text.plist.xml; path = Info.plist; sourceTree = "<group>"; };
		B1673D6A1E461E59004600AB /* PersonalStuffUITests.xctest */ = {isa = PBXFileReference; explicitFileType = wrapper.cfbundle; includeInIndex = 0; path = PersonalStuffUITests.xctest; sourceTree = BUILT_PRODUCTS_DIR; };
		B1673D6E1E461E59004600AB /* PersonalStuffUITests.swift */ = {isa = PBXFileReference; lastKnownFileType = sourcecode.swift; path = PersonalStuffUITests.swift; sourceTree = "<group>"; };
		B1673D701E461E59004600AB /* Info.plist */ = {isa = PBXFileReference; lastKnownFileType = text.plist.xml; path = Info.plist; sourceTree = "<group>"; };
		B1673D7C1E461E98004600AB /* CoreDataStack.swift */ = {isa = PBXFileReference; fileEncoding = 4; lastKnownFileType = sourcecode.swift; name = CoreDataStack.swift; path = CoreData/CoreDataStack.swift; sourceTree = "<group>"; };
		B1673D821E461F8A004600AB /* Register.storyboard */ = {isa = PBXFileReference; fileEncoding = 4; lastKnownFileType = file.storyboard; name = Register.storyboard; path = Views/Register.storyboard; sourceTree = "<group>"; };
		B1673D841E46229E004600AB /* Folder.storyboard */ = {isa = PBXFileReference; fileEncoding = 4; lastKnownFileType = file.storyboard; name = Folder.storyboard; path = Views/Folder.storyboard; sourceTree = "<group>"; };
		B1673D861E4623FC004600AB /* FolderVC.swift */ = {isa = PBXFileReference; fileEncoding = 4; lastKnownFileType = sourcecode.swift; name = FolderVC.swift; path = Controllers/FolderVC.swift; sourceTree = "<group>"; };
		B1673D8A1E4624EB004600AB /* Folder+TableViewDelegate.swift */ = {isa = PBXFileReference; fileEncoding = 4; lastKnownFileType = sourcecode.swift; name = "Folder+TableViewDelegate.swift"; path = "Controllers/Extensions/Folder/Folder+TableViewDelegate.swift"; sourceTree = "<group>"; };
		B1673D8C1E462711004600AB /* Folder+TableViewDataSource.swift */ = {isa = PBXFileReference; fileEncoding = 4; lastKnownFileType = sourcecode.swift; name = "Folder+TableViewDataSource.swift"; path = "Controllers/Extensions/Folder/Folder+TableViewDataSource.swift"; sourceTree = "<group>"; };
		B1673D8E1E462B64004600AB /* NotesVC.swift */ = {isa = PBXFileReference; fileEncoding = 4; lastKnownFileType = sourcecode.swift; name = NotesVC.swift; path = Controllers/NotesVC.swift; sourceTree = "<group>"; };
		B1673D901E462BA4004600AB /* ImagesVC.swift */ = {isa = PBXFileReference; fileEncoding = 4; lastKnownFileType = sourcecode.swift; name = ImagesVC.swift; path = Controllers/ImagesVC.swift; sourceTree = "<group>"; };
		B1673D921E462BE0004600AB /* VideosVC.swift */ = {isa = PBXFileReference; fileEncoding = 4; lastKnownFileType = sourcecode.swift; name = VideosVC.swift; path = Controllers/VideosVC.swift; sourceTree = "<group>"; };
		B1673D941E462C2B004600AB /* MessagesVC.swift */ = {isa = PBXFileReference; fileEncoding = 4; lastKnownFileType = sourcecode.swift; name = MessagesVC.swift; path = Controllers/MessagesVC.swift; sourceTree = "<group>"; };
		B1673D961E462C72004600AB /* Notes.storyboard */ = {isa = PBXFileReference; fileEncoding = 4; lastKnownFileType = file.storyboard; name = Notes.storyboard; path = Views/Notes.storyboard; sourceTree = "<group>"; };
		B1673D981E462C7E004600AB /* Images.storyboard */ = {isa = PBXFileReference; fileEncoding = 4; lastKnownFileType = file.storyboard; name = Images.storyboard; path = Views/Images.storyboard; sourceTree = "<group>"; };
		B1673D9A1E462C8E004600AB /* Videos.storyboard */ = {isa = PBXFileReference; fileEncoding = 4; lastKnownFileType = file.storyboard; name = Videos.storyboard; path = Views/Videos.storyboard; sourceTree = "<group>"; };
		B1673D9C1E462C99004600AB /* Messages.storyboard */ = {isa = PBXFileReference; fileEncoding = 4; lastKnownFileType = file.storyboard; name = Messages.storyboard; path = Views/Messages.storyboard; sourceTree = "<group>"; };
		B1673D9E1E462E0F004600AB /* RegisterVC.swift */ = {isa = PBXFileReference; fileEncoding = 4; lastKnownFileType = sourcecode.swift; name = RegisterVC.swift; path = Controllers/RegisterVC.swift; sourceTree = "<group>"; };
		B1A5BF3F1E4766A3006D6F13 /* Note+NoteDelegate.swift */ = {isa = PBXFileReference; fileEncoding = 4; lastKnownFileType = sourcecode.swift; name = "Note+NoteDelegate.swift"; path = "Controllers/Extensions/Note/Note+NoteDelegate.swift"; sourceTree = "<group>"; };
		B1A5BF411E4766BA006D6F13 /* NotesVM.swift */ = {isa = PBXFileReference; fileEncoding = 4; lastKnownFileType = sourcecode.swift; name = NotesVM.swift; path = Models/NotesVM.swift; sourceTree = "<group>"; };
		B1A5BF431E476B2D006D6F13 /* Notes.swift */ = {isa = PBXFileReference; fileEncoding = 4; lastKnownFileType = sourcecode.swift; name = Notes.swift; path = CoreData/Notes.swift; sourceTree = "<group>"; };
		B1A5BF451E476BF3006D6F13 /* Notes+properties.swift */ = {isa = PBXFileReference; fileEncoding = 4; lastKnownFileType = sourcecode.swift; name = "Notes+properties.swift"; path = "CoreData/Notes+properties.swift"; sourceTree = "<group>"; };
		B1A5BF481E4772BE006D6F13 /* String+Uid.swift */ = {isa = PBXFileReference; fileEncoding = 4; lastKnownFileType = sourcecode.swift; name = "String+Uid.swift"; path = "Utils/String+Uid.swift"; sourceTree = "<group>"; };
/* End PBXFileReference section */

/* Begin PBXFrameworksBuildPhase section */
		B1673D451E461E58004600AB /* Frameworks */ = {
			isa = PBXFrameworksBuildPhase;
			buildActionMask = 2147483647;
			files = (
			);
			runOnlyForDeploymentPostprocessing = 0;
		};
		B1673D5C1E461E59004600AB /* Frameworks */ = {
			isa = PBXFrameworksBuildPhase;
			buildActionMask = 2147483647;
			files = (
			);
			runOnlyForDeploymentPostprocessing = 0;
		};
		B1673D671E461E59004600AB /* Frameworks */ = {
			isa = PBXFrameworksBuildPhase;
			buildActionMask = 2147483647;
			files = (
			);
			runOnlyForDeploymentPostprocessing = 0;
		};
/* End PBXFrameworksBuildPhase section */

/* Begin PBXGroup section */
		B1673D3F1E461E58004600AB = {
			isa = PBXGroup;
			children = (
				B1673D4A1E461E58004600AB /* PersonalStuff */,
				B1673D621E461E59004600AB /* PersonalStuffTests */,
				B1673D6D1E461E59004600AB /* PersonalStuffUITests */,
				B1673D491E461E58004600AB /* Products */,
			);
			sourceTree = "<group>";
		};
		B1673D491E461E58004600AB /* Products */ = {
			isa = PBXGroup;
			children = (
				B1673D481E461E58004600AB /* PersonalStuff.app */,
				B1673D5F1E461E59004600AB /* PersonalStuffTests.xctest */,
				B1673D6A1E461E59004600AB /* PersonalStuffUITests.xctest */,
			);
			name = Products;
			sourceTree = "<group>";
		};
		B1673D4A1E461E58004600AB /* PersonalStuff */ = {
			isa = PBXGroup;
			children = (
				B1A5BF471E477297006D6F13 /* Utils */,
				B1673D811E461F1E004600AB /* Views */,
				B1673D801E461F18004600AB /* Models */,
				B1673D7F1E461F11004600AB /* Controllers */,
				B1673D7E1E461F07004600AB /* CoreData */,
				B1673D4B1E461E59004600AB /* AppDelegate.swift */,
				B1673D551E461E59004600AB /* Assets.xcassets */,
				B1673D571E461E59004600AB /* LaunchScreen.storyboard */,
				B1673D5A1E461E59004600AB /* Info.plist */,
				B1673D521E461E59004600AB /* PersonalStuff.xcdatamodeld */,
			);
			path = PersonalStuff;
			sourceTree = "<group>";
		};
		B1673D621E461E59004600AB /* PersonalStuffTests */ = {
			isa = PBXGroup;
			children = (
				B1673D631E461E59004600AB /* PersonalStuffTests.swift */,
				B1673D651E461E59004600AB /* Info.plist */,
			);
			path = PersonalStuffTests;
			sourceTree = "<group>";
		};
		B1673D6D1E461E59004600AB /* PersonalStuffUITests */ = {
			isa = PBXGroup;
			children = (
				B1673D6E1E461E59004600AB /* PersonalStuffUITests.swift */,
				B1673D701E461E59004600AB /* Info.plist */,
			);
			path = PersonalStuffUITests;
			sourceTree = "<group>";
		};
		B1673D7E1E461F07004600AB /* CoreData */ = {
			isa = PBXGroup;
			children = (
				B1673D7C1E461E98004600AB /* CoreDataStack.swift */,
				B1A5BF431E476B2D006D6F13 /* Notes.swift */,
				B1A5BF451E476BF3006D6F13 /* Notes+properties.swift */,
			);
			name = CoreData;
			sourceTree = "<group>";
		};
		B1673D7F1E461F11004600AB /* Controllers */ = {
			isa = PBXGroup;
			children = (
				B1673D881E4624BE004600AB /* Extensions */,
				B1673D9E1E462E0F004600AB /* RegisterVC.swift */,
				B1673D861E4623FC004600AB /* FolderVC.swift */,
				B1673D8E1E462B64004600AB /* NotesVC.swift */,
				B1673D901E462BA4004600AB /* ImagesVC.swift */,
				B1673D921E462BE0004600AB /* VideosVC.swift */,
				B1673D941E462C2B004600AB /* MessagesVC.swift */,
			);
			name = Controllers;
			sourceTree = "<group>";
		};
		B1673D801E461F18004600AB /* Models */ = {
			isa = PBXGroup;
			children = (
				B1A5BF411E4766BA006D6F13 /* NotesVM.swift */,
			);
			name = Models;
			sourceTree = "<group>";
		};
		B1673D811E461F1E004600AB /* Views */ = {
			isa = PBXGroup;
			children = (
				B1673D821E461F8A004600AB /* Register.storyboard */,
				B1673D841E46229E004600AB /* Folder.storyboard */,
				B1673D961E462C72004600AB /* Notes.storyboard */,
				B1673D981E462C7E004600AB /* Images.storyboard */,
				B1673D9A1E462C8E004600AB /* Videos.storyboard */,
				B1673D9C1E462C99004600AB /* Messages.storyboard */,
			);
			name = Views;
			sourceTree = "<group>";
		};
		B1673D881E4624BE004600AB /* Extensions */ = {
			isa = PBXGroup;
			children = (
				B1A5BF3E1E476672006D6F13 /* Note */,
				B1673D891E4624C4004600AB /* Folder */,
			);
			name = Extensions;
			sourceTree = "<group>";
		};
		B1673D891E4624C4004600AB /* Folder */ = {
			isa = PBXGroup;
			children = (
				B1673D8A1E4624EB004600AB /* Folder+TableViewDelegate.swift */,
				B1673D8C1E462711004600AB /* Folder+TableViewDataSource.swift */,
			);
			name = Folder;
			sourceTree = "<group>";
		};
		B1A5BF3E1E476672006D6F13 /* Note */ = {
			isa = PBXGroup;
			children = (
				B1A5BF3F1E4766A3006D6F13 /* Note+NoteDelegate.swift */,
			);
			name = Note;
			sourceTree = "<group>";
		};
		B1A5BF471E477297006D6F13 /* Utils */ = {
			isa = PBXGroup;
			children = (
				B1A5BF481E4772BE006D6F13 /* String+Uid.swift */,
			);
			name = Utils;
			sourceTree = "<group>";
		};
/* End PBXGroup section */

/* Begin PBXNativeTarget section */
		B1673D471E461E58004600AB /* PersonalStuff */ = {
			isa = PBXNativeTarget;
			buildConfigurationList = B1673D731E461E59004600AB /* Build configuration list for PBXNativeTarget "PersonalStuff" */;
			buildPhases = (
				B1673D441E461E58004600AB /* Sources */,
				B1673D451E461E58004600AB /* Frameworks */,
				B1673D461E461E58004600AB /* Resources */,
			);
			buildRules = (
			);
			dependencies = (
			);
			name = PersonalStuff;
			productName = PersonalStuff;
			productReference = B1673D481E461E58004600AB /* PersonalStuff.app */;
			productType = "com.apple.product-type.application";
		};
		B1673D5E1E461E59004600AB /* PersonalStuffTests */ = {
			isa = PBXNativeTarget;
			buildConfigurationList = B1673D761E461E59004600AB /* Build configuration list for PBXNativeTarget "PersonalStuffTests" */;
			buildPhases = (
				B1673D5B1E461E59004600AB /* Sources */,
				B1673D5C1E461E59004600AB /* Frameworks */,
				B1673D5D1E461E59004600AB /* Resources */,
			);
			buildRules = (
			);
			dependencies = (
				B1673D611E461E59004600AB /* PBXTargetDependency */,
			);
			name = PersonalStuffTests;
			productName = PersonalStuffTests;
			productReference = B1673D5F1E461E59004600AB /* PersonalStuffTests.xctest */;
			productType = "com.apple.product-type.bundle.unit-test";
		};
		B1673D691E461E59004600AB /* PersonalStuffUITests */ = {
			isa = PBXNativeTarget;
			buildConfigurationList = B1673D791E461E59004600AB /* Build configuration list for PBXNativeTarget "PersonalStuffUITests" */;
			buildPhases = (
				B1673D661E461E59004600AB /* Sources */,
				B1673D671E461E59004600AB /* Frameworks */,
				B1673D681E461E59004600AB /* Resources */,
			);
			buildRules = (
			);
			dependencies = (
				B1673D6C1E461E59004600AB /* PBXTargetDependency */,
			);
			name = PersonalStuffUITests;
			productName = PersonalStuffUITests;
			productReference = B1673D6A1E461E59004600AB /* PersonalStuffUITests.xctest */;
			productType = "com.apple.product-type.bundle.ui-testing";
		};
/* End PBXNativeTarget section */

/* Begin PBXProject section */
		B1673D401E461E58004600AB /* Project object */ = {
			isa = PBXProject;
			attributes = {
				LastSwiftUpdateCheck = 0820;
				LastUpgradeCheck = 0820;
				ORGANIZATIONNAME = cdeust;
				TargetAttributes = {
					B1673D471E461E58004600AB = {
						CreatedOnToolsVersion = 8.2.1;
						DevelopmentTeam = 739FYFHB3R;
						ProvisioningStyle = Automatic;
					};
					B1673D5E1E461E59004600AB = {
						CreatedOnToolsVersion = 8.2.1;
						DevelopmentTeam = 739FYFHB3R;
						ProvisioningStyle = Automatic;
						TestTargetID = B1673D471E461E58004600AB;
					};
					B1673D691E461E59004600AB = {
						CreatedOnToolsVersion = 8.2.1;
						DevelopmentTeam = 739FYFHB3R;
						ProvisioningStyle = Automatic;
						TestTargetID = B1673D471E461E58004600AB;
					};
				};
			};
			buildConfigurationList = B1673D431E461E58004600AB /* Build configuration list for PBXProject "PersonalStuff" */;
			compatibilityVersion = "Xcode 3.2";
			developmentRegion = English;
			hasScannedForEncodings = 0;
			knownRegions = (
				en,
				Base,
			);
			mainGroup = B1673D3F1E461E58004600AB;
			productRefGroup = B1673D491E461E58004600AB /* Products */;
			projectDirPath = "";
			projectRoot = "";
			targets = (
				B1673D471E461E58004600AB /* PersonalStuff */,
				B1673D5E1E461E59004600AB /* PersonalStuffTests */,
				B1673D691E461E59004600AB /* PersonalStuffUITests */,
			);
		};
/* End PBXProject section */

/* Begin PBXResourcesBuildPhase section */
		B1673D461E461E58004600AB /* Resources */ = {
			isa = PBXResourcesBuildPhase;
			buildActionMask = 2147483647;
			files = (
				B1673D851E46229E004600AB /* Folder.storyboard in Resources */,
				B1673D591E461E59004600AB /* LaunchScreen.storyboard in Resources */,
				B1673D9D1E462C99004600AB /* Messages.storyboard in Resources */,
				B1673D971E462C72004600AB /* Notes.storyboard in Resources */,
				B1673D561E461E59004600AB /* Assets.xcassets in Resources */,
				B1673D991E462C7E004600AB /* Images.storyboard in Resources */,
				B1673D831E461F8A004600AB /* Register.storyboard in Resources */,
				B1673D9B1E462C8E004600AB /* Videos.storyboard in Resources */,
			);
			runOnlyForDeploymentPostprocessing = 0;
		};
		B1673D5D1E461E59004600AB /* Resources */ = {
			isa = PBXResourcesBuildPhase;
			buildActionMask = 2147483647;
			files = (
			);
			runOnlyForDeploymentPostprocessing = 0;
		};
		B1673D681E461E59004600AB /* Resources */ = {
			isa = PBXResourcesBuildPhase;
			buildActionMask = 2147483647;
			files = (
			);
			runOnlyForDeploymentPostprocessing = 0;
		};
/* End PBXResourcesBuildPhase section */

/* Begin PBXSourcesBuildPhase section */
		B1673D441E461E58004600AB /* Sources */ = {
			isa = PBXSourcesBuildPhase;
			buildActionMask = 2147483647;
			files = (
				B1A5BF401E4766A3006D6F13 /* Note+NoteDelegate.swift in Sources */,
				B1A5BF441E476B2D006D6F13 /* Notes.swift in Sources */,
				B1673D911E462BA4004600AB /* ImagesVC.swift in Sources */,
				B1673D951E462C2B004600AB /* MessagesVC.swift in Sources */,
				B1673D541E461E59004600AB /* PersonalStuff.xcdatamodeld in Sources */,
				B1673D871E4623FC004600AB /* FolderVC.swift in Sources */,
				B1673D9F1E462E0F004600AB /* RegisterVC.swift in Sources */,
				B1673D931E462BE0004600AB /* VideosVC.swift in Sources */,
				B1A5BF421E4766BA006D6F13 /* NotesVM.swift in Sources */,
				B1673D8F1E462B64004600AB /* NotesVC.swift in Sources */,
				B1673D4C1E461E59004600AB /* AppDelegate.swift in Sources */,
				B1673D8B1E4624EB004600AB /* Folder+TableViewDelegate.swift in Sources */,
				B1673D8D1E462711004600AB /* Folder+TableViewDataSource.swift in Sources */,
				B1A5BF461E476BF3006D6F13 /* Notes+properties.swift in Sources */,
				B1673D7D1E461E98004600AB /* CoreDataStack.swift in Sources */,
				B1A5BF491E4772BE006D6F13 /* String+Uid.swift in Sources */,
			);
			runOnlyForDeploymentPostprocessing = 0;
		};
		B1673D5B1E461E59004600AB /* Sources */ = {
			isa = PBXSourcesBuildPhase;
			buildActionMask = 2147483647;
			files = (
				B1673D641E461E59004600AB /* PersonalStuffTests.swift in Sources */,
			);
			runOnlyForDeploymentPostprocessing = 0;
		};
		B1673D661E461E59004600AB /* Sources */ = {
			isa = PBXSourcesBuildPhase;
			buildActionMask = 2147483647;
			files = (
				B1673D6F1E461E59004600AB /* PersonalStuffUITests.swift in Sources */,
			);
			runOnlyForDeploymentPostprocessing = 0;
		};
/* End PBXSourcesBuildPhase section */

/* Begin PBXTargetDependency section */
		B1673D611E461E59004600AB /* PBXTargetDependency */ = {
			isa = PBXTargetDependency;
			target = B1673D471E461E58004600AB /* PersonalStuff */;
			targetProxy = B1673D601E461E59004600AB /* PBXContainerItemProxy */;
		};
		B1673D6C1E461E59004600AB /* PBXTargetDependency */ = {
			isa = PBXTargetDependency;
			target = B1673D471E461E58004600AB /* PersonalStuff */;
			targetProxy = B1673D6B1E461E59004600AB /* PBXContainerItemProxy */;
		};
/* End PBXTargetDependency section */

/* Begin PBXVariantGroup section */
		B1673D571E461E59004600AB /* LaunchScreen.storyboard */ = {
			isa = PBXVariantGroup;
			children = (
				B1673D581E461E59004600AB /* Base */,
			);
			name = LaunchScreen.storyboard;
			sourceTree = "<group>";
		};
/* End PBXVariantGroup section */

/* Begin XCBuildConfiguration section */
		B1673D711E461E59004600AB /* Debug */ = {
			isa = XCBuildConfiguration;
			buildSettings = {
				ALWAYS_SEARCH_USER_PATHS = NO;
				CLANG_ANALYZER_NONNULL = YES;
				CLANG_CXX_LANGUAGE_STANDARD = "gnu++0x";
				CLANG_CXX_LIBRARY = "libc++";
				CLANG_ENABLE_MODULES = YES;
				CLANG_ENABLE_OBJC_ARC = YES;
				CLANG_WARN_BOOL_CONVERSION = YES;
				CLANG_WARN_CONSTANT_CONVERSION = YES;
				CLANG_WARN_DIRECT_OBJC_ISA_USAGE = YES_ERROR;
				CLANG_WARN_DOCUMENTATION_COMMENTS = YES;
				CLANG_WARN_EMPTY_BODY = YES;
				CLANG_WARN_ENUM_CONVERSION = YES;
				CLANG_WARN_INFINITE_RECURSION = YES;
				CLANG_WARN_INT_CONVERSION = YES;
				CLANG_WARN_OBJC_ROOT_CLASS = YES_ERROR;
				CLANG_WARN_SUSPICIOUS_MOVE = YES;
				CLANG_WARN_UNREACHABLE_CODE = YES;
				CLANG_WARN__DUPLICATE_METHOD_MATCH = YES;
				"CODE_SIGN_IDENTITY[sdk=iphoneos*]" = "iPhone Developer";
				COPY_PHASE_STRIP = NO;
				DEBUG_INFORMATION_FORMAT = dwarf;
				ENABLE_STRICT_OBJC_MSGSEND = YES;
				ENABLE_TESTABILITY = YES;
				GCC_C_LANGUAGE_STANDARD = gnu99;
				GCC_DYNAMIC_NO_PIC = NO;
				GCC_NO_COMMON_BLOCKS = YES;
				GCC_OPTIMIZATION_LEVEL = 0;
				GCC_PREPROCESSOR_DEFINITIONS = (
					"DEBUG=1",
					"$(inherited)",
				);
				GCC_WARN_64_TO_32_BIT_CONVERSION = YES;
				GCC_WARN_ABOUT_RETURN_TYPE = YES_ERROR;
				GCC_WARN_UNDECLARED_SELECTOR = YES;
				GCC_WARN_UNINITIALIZED_AUTOS = YES_AGGRESSIVE;
				GCC_WARN_UNUSED_FUNCTION = YES;
				GCC_WARN_UNUSED_VARIABLE = YES;
				IPHONEOS_DEPLOYMENT_TARGET = 10.2;
				MTL_ENABLE_DEBUG_INFO = YES;
				ONLY_ACTIVE_ARCH = YES;
				SDKROOT = iphoneos;
				SWIFT_ACTIVE_COMPILATION_CONDITIONS = DEBUG;
				SWIFT_OPTIMIZATION_LEVEL = "-Onone";
				TARGETED_DEVICE_FAMILY = "1,2";
			};
			name = Debug;
		};
		B1673D721E461E59004600AB /* Release */ = {
			isa = XCBuildConfiguration;
			buildSettings = {
				ALWAYS_SEARCH_USER_PATHS = NO;
				CLANG_ANALYZER_NONNULL = YES;
				CLANG_CXX_LANGUAGE_STANDARD = "gnu++0x";
				CLANG_CXX_LIBRARY = "libc++";
				CLANG_ENABLE_MODULES = YES;
				CLANG_ENABLE_OBJC_ARC = YES;
				CLANG_WARN_BOOL_CONVERSION = YES;
				CLANG_WARN_CONSTANT_CONVERSION = YES;
				CLANG_WARN_DIRECT_OBJC_ISA_USAGE = YES_ERROR;
				CLANG_WARN_DOCUMENTATION_COMMENTS = YES;
				CLANG_WARN_EMPTY_BODY = YES;
				CLANG_WARN_ENUM_CONVERSION = YES;
				CLANG_WARN_INFINITE_RECURSION = YES;
				CLANG_WARN_INT_CONVERSION = YES;
				CLANG_WARN_OBJC_ROOT_CLASS = YES_ERROR;
				CLANG_WARN_SUSPICIOUS_MOVE = YES;
				CLANG_WARN_UNREACHABLE_CODE = YES;
				CLANG_WARN__DUPLICATE_METHOD_MATCH = YES;
				"CODE_SIGN_IDENTITY[sdk=iphoneos*]" = "iPhone Developer";
				COPY_PHASE_STRIP = NO;
				DEBUG_INFORMATION_FORMAT = "dwarf-with-dsym";
				ENABLE_NS_ASSERTIONS = NO;
				ENABLE_STRICT_OBJC_MSGSEND = YES;
				GCC_C_LANGUAGE_STANDARD = gnu99;
				GCC_NO_COMMON_BLOCKS = YES;
				GCC_WARN_64_TO_32_BIT_CONVERSION = YES;
				GCC_WARN_ABOUT_RETURN_TYPE = YES_ERROR;
				GCC_WARN_UNDECLARED_SELECTOR = YES;
				GCC_WARN_UNINITIALIZED_AUTOS = YES_AGGRESSIVE;
				GCC_WARN_UNUSED_FUNCTION = YES;
				GCC_WARN_UNUSED_VARIABLE = YES;
				IPHONEOS_DEPLOYMENT_TARGET = 10.2;
				MTL_ENABLE_DEBUG_INFO = NO;
				SDKROOT = iphoneos;
				SWIFT_OPTIMIZATION_LEVEL = "-Owholemodule";
				TARGETED_DEVICE_FAMILY = "1,2";
				VALIDATE_PRODUCT = YES;
			};
			name = Release;
		};
		B1673D741E461E59004600AB /* Debug */ = {
			isa = XCBuildConfiguration;
			buildSettings = {
				ASSETCATALOG_COMPILER_APPICON_NAME = AppIcon;
				DEVELOPMENT_TEAM = 739FYFHB3R;
				INFOPLIST_FILE = PersonalStuff/Info.plist;
				LD_RUNPATH_SEARCH_PATHS = "$(inherited) @executable_path/Frameworks";
				PRODUCT_BUNDLE_IDENTIFIER = com.cdeust.PersonalStuff;
				PRODUCT_NAME = "$(TARGET_NAME)";
				SWIFT_VERSION = 3.0;
			};
			name = Debug;
		};
		B1673D751E461E59004600AB /* Release */ = {
			isa = XCBuildConfiguration;
			buildSettings = {
				ASSETCATALOG_COMPILER_APPICON_NAME = AppIcon;
				DEVELOPMENT_TEAM = 739FYFHB3R;
				INFOPLIST_FILE = PersonalStuff/Info.plist;
				LD_RUNPATH_SEARCH_PATHS = "$(inherited) @executable_path/Frameworks";
				PRODUCT_BUNDLE_IDENTIFIER = com.cdeust.PersonalStuff;
				PRODUCT_NAME = "$(TARGET_NAME)";
				SWIFT_VERSION = 3.0;
			};
			name = Release;
		};
		B1673D771E461E59004600AB /* Debug */ = {
			isa = XCBuildConfiguration;
			buildSettings = {
				ALWAYS_EMBED_SWIFT_STANDARD_LIBRARIES = YES;
				BUNDLE_LOADER = "$(TEST_HOST)";
				DEVELOPMENT_TEAM = 739FYFHB3R;
				INFOPLIST_FILE = PersonalStuffTests/Info.plist;
				LD_RUNPATH_SEARCH_PATHS = "$(inherited) @executable_path/Frameworks @loader_path/Frameworks";
				PRODUCT_BUNDLE_IDENTIFIER = com.cdeust.PersonalStuffTests;
				PRODUCT_NAME = "$(TARGET_NAME)";
				SWIFT_VERSION = 3.0;
				TEST_HOST = "$(BUILT_PRODUCTS_DIR)/PersonalStuff.app/PersonalStuff";
			};
			name = Debug;
		};
		B1673D781E461E59004600AB /* Release */ = {
			isa = XCBuildConfiguration;
			buildSettings = {
				ALWAYS_EMBED_SWIFT_STANDARD_LIBRARIES = YES;
				BUNDLE_LOADER = "$(TEST_HOST)";
				DEVELOPMENT_TEAM = 739FYFHB3R;
				INFOPLIST_FILE = PersonalStuffTests/Info.plist;
				LD_RUNPATH_SEARCH_PATHS = "$(inherited) @executable_path/Frameworks @loader_path/Frameworks";
				PRODUCT_BUNDLE_IDENTIFIER = com.cdeust.PersonalStuffTests;
				PRODUCT_NAME = "$(TARGET_NAME)";
				SWIFT_VERSION = 3.0;
				TEST_HOST = "$(BUILT_PRODUCTS_DIR)/PersonalStuff.app/PersonalStuff";
			};
			name = Release;
		};
		B1673D7A1E461E59004600AB /* Debug */ = {
			isa = XCBuildConfiguration;
			buildSettings = {
				ALWAYS_EMBED_SWIFT_STANDARD_LIBRARIES = YES;
				DEVELOPMENT_TEAM = 739FYFHB3R;
				INFOPLIST_FILE = PersonalStuffUITests/Info.plist;
				LD_RUNPATH_SEARCH_PATHS = "$(inherited) @executable_path/Frameworks @loader_path/Frameworks";
				PRODUCT_BUNDLE_IDENTIFIER = com.cdeust.PersonalStuffUITests;
				PRODUCT_NAME = "$(TARGET_NAME)";
				SWIFT_VERSION = 3.0;
				TEST_TARGET_NAME = PersonalStuff;
			};
			name = Debug;
		};
		B1673D7B1E461E59004600AB /* Release */ = {
			isa = XCBuildConfiguration;
			buildSettings = {
				ALWAYS_EMBED_SWIFT_STANDARD_LIBRARIES = YES;
				DEVELOPMENT_TEAM = 739FYFHB3R;
				INFOPLIST_FILE = PersonalStuffUITests/Info.plist;
				LD_RUNPATH_SEARCH_PATHS = "$(inherited) @executable_path/Frameworks @loader_path/Frameworks";
				PRODUCT_BUNDLE_IDENTIFIER = com.cdeust.PersonalStuffUITests;
				PRODUCT_NAME = "$(TARGET_NAME)";
				SWIFT_VERSION = 3.0;
				TEST_TARGET_NAME = PersonalStuff;
			};
			name = Release;
		};
/* End XCBuildConfiguration section */

/* Begin XCConfigurationList section */
		B1673D431E461E58004600AB /* Build configuration list for PBXProject "PersonalStuff" */ = {
			isa = XCConfigurationList;
			buildConfigurations = (
				B1673D711E461E59004600AB /* Debug */,
				B1673D721E461E59004600AB /* Release */,
			);
			defaultConfigurationIsVisible = 0;
			defaultConfigurationName = Release;
		};
		B1673D731E461E59004600AB /* Build configuration list for PBXNativeTarget "PersonalStuff" */ = {
			isa = XCConfigurationList;
			buildConfigurations = (
				B1673D741E461E59004600AB /* Debug */,
				B1673D751E461E59004600AB /* Release */,
			);
			defaultConfigurationIsVisible = 0;
			defaultConfigurationName = Release;
		};
		B1673D761E461E59004600AB /* Build configuration list for PBXNativeTarget "PersonalStuffTests" */ = {
			isa = XCConfigurationList;
			buildConfigurations = (
				B1673D771E461E59004600AB /* Debug */,
				B1673D781E461E59004600AB /* Release */,
			);
			defaultConfigurationIsVisible = 0;
			defaultConfigurationName = Release;
		};
		B1673D791E461E59004600AB /* Build configuration list for PBXNativeTarget "PersonalStuffUITests" */ = {
			isa = XCConfigurationList;
			buildConfigurations = (
				B1673D7A1E461E59004600AB /* Debug */,
				B1673D7B1E461E59004600AB /* Release */,
			);
			defaultConfigurationIsVisible = 0;
			defaultConfigurationName = Release;
		};
/* End XCConfigurationList section */

/* Begin XCVersionGroup section */
		B1673D521E461E59004600AB /* PersonalStuff.xcdatamodeld */ = {
			isa = XCVersionGroup;
			children = (
				B1673D531E461E59004600AB /* PersonalStuff.xcdatamodel */,
			);
			currentVersion = B1673D531E461E59004600AB /* PersonalStuff.xcdatamodel */;
			path = PersonalStuff.xcdatamodeld;
			sourceTree = "<group>";
			versionGroupType = wrapper.xcdatamodel;
		};
/* End XCVersionGroup section */
	};
	rootObject = B1673D401E461E58004600AB /* Project object */;
}
